{
    "_meta": {
        "hash": {
            "sha256": "c51fc28eeffbebe372a07d43787be5844ec9468e5141f91382a00bf91cf99a03"
        },
        "pipfile-spec": 6,
        "requires": {
            "python_version": "3.7"
        },
        "sources": [
            {
                "name": "pypi",
                "url": "https://pypi.org/simple",
                "verify_ssl": true
            }
        ]
    },
    "default": {
        "certifi": {
            "hashes": [
                "sha256:35824b4c3a97115964b408844d64aa14db1cc518f6562e8d7261699d1350a9e3",
                "sha256:4ad3232f5e926d6718ec31cfc1fcadfde020920e278684144551c91769c7bc18"
            ],
            "index": "pypi",
            "version": "==2022.12.7"
        },
        "chardet": {
            "hashes": [
                "sha256:84ab92ed1c4d4f16916e05906b6b75a6c0fb5db821cc65e70cbd64a3e2a5eaae",
                "sha256:fc323ffcaeaed0e0a02bf4d117757b98aed530d9ed4531e3e15460124c106691"
            ],
            "version": "==3.0.4"
        },
        "deprecation": {
            "hashes": [
                "sha256:72b3bde64e5d778694b0cf68178aed03d15e15477116add3fb773e581f9518ff",
                "sha256:a10811591210e1fb0e768a8c25517cabeabcba6f0bf96564f8ff45189f90b14a"
            ],
            "version": "==2.1.0"
        },
        "eyed3": {
            "hashes": [
                "sha256:5e517b8c0eb36d5225e9bc3e85ab340e211a0887dfb83507a1dd8f586bf55df9",
                "sha256:94d475c0b55d9227a7f885f0be0f8433da9de6e5037e5164a524b042e78a2b62",
                "sha256:faf5806197f2093e82c2830d41f2378f07b3a9da07a16fafb14fc6fbdebac50a"
            ],
            "index": "pypi",
            "version": "==0.9.5"
        },
        "filetype": {
            "hashes": [
                "sha256:66b56cd6474bf41d8c54660347d37afcc3f7d1970648de365c102ef77548aadb",
                "sha256:7ce71b6880181241cf7ac8697a2f1eb6a8bd9b429f7ad6d27b8db9ba5f1c2d25"
            ],
            "version": "==1.2.0"
        },
        "idna": {
            "hashes": [
                "sha256:b307872f855b18632ce0c21c5e45be78c0ea7ae4c15c828c20788b26921eb3f6",
                "sha256:b97d804b1e9b523befed77c48dacec60e6dcb0b5391d57af6a65a312a90648c0"
            ],
            "markers": "python_version >= '2.7' and python_version not in '3.0, 3.1, 3.2, 3.3'",
            "version": "==2.10"
        },
        "lz4": {
            "hashes": [
                "sha256:04dc7640358f241f4d4303c8bb8a937fcafd18a8831d2cfea51b0797164c7b23",
                "sha256:17f9763619059eb08783ef2e106217d80c3022bb1c20f3199ac374c1daf54d9f",
                "sha256:1e8588e4aa92c3c9a10011b52e554de7e19a5150676df0e517a446438b09985b",
                "sha256:4a497d04b062fdc80e6a38cbf2a3486011be050ca9f9f41055ba9fedf493c0ca",
                "sha256:4c70e590ecf8ec2586b4622f3937327aac6edd8960926d5957d1f1a691004509",
                "sha256:510cf8ad1cd9c7aa773d8304fa4eb3754f26c86f93df90730bc778a2c99ec083",
                "sha256:56147fe7cf1a6d1df809549d474bb6625ac88a851492a6f71391ddd22d6ad74e",
                "sha256:56ade1d58e64be148fd1249689f90421d5454d4c794b3d3b904538ebaec27c0f",
                "sha256:58f7177ea16cc54ca44913e6344bd2751b2774f44057913946343e11ef371f48",
                "sha256:59cd6c115c8120df7c69bbbad32526b7051a0d2bfc1a74dddb5b8601ce0d144c",
                "sha256:6384c73e01465e8cc8afd7d44c9c431cbea79898c5a63a6da12ce0c6250e5802",
                "sha256:6a2727fb6c2c53ab4e83a3fb46364cdb690da10b8774829c79901179bf11c380",
                "sha256:7c23d8e5d620923f59e289f0cd192adfa59615b8065e33ea739289aba442147c",
                "sha256:8426462cde49b470652e0f204fb6454c367b27eaa2818d594087695565757a65",
                "sha256:8d18a1489997ecdee6bc2b6dd1999bfd10b87e357a281aec13889378f653779d",
                "sha256:90d275e08e532a91297fe243041bcc16d4166f84134051580ee181990ae0a3ce",
                "sha256:96bc220903b52c64f3223199f7a8b7e5736807235d6c337876ca7a245168c51e",
                "sha256:9ca8797e4eb76cf4979fabfe872191e1c206636be0cf540d59a4c611b0e94a80",
                "sha256:a1ab80ddc3b7d0d1738fea6edee1d20078350c354ef7c831220dffca931c093a",
                "sha256:b3d3e5898ee1c6c849199c2752ce588fd6f5e3babdf28ba4b9fee35c3fcae2af",
                "sha256:bb2df2e9ac87f6799fd692e0c18003d1904b8aab2340ac5ae9b637cba3e35a49",
                "sha256:c51e8bbbadf2eedbb11964014c887905ee3d92445c0624db6dd7c32d0e41ed1e",
                "sha256:c81b2362247ae9c193e282be13495ef71ec1e0fe7a264d9e42f4594a63e464a2",
                "sha256:c9e83363c658422852b99b4ca03ba1dc98cf7506af8e08aea4b762c72742135a",
                "sha256:debe75513db3eb9e5cdcd82a329ff38374b6316ab65b848b571e0404746c1e05",
                "sha256:e111534e5b6122767f94eecd9a5cb58b20aaaff69e327e37a9fea974354069b1",
                "sha256:e3dbe638bb639be854fd31faf08415d06386227deae972ffa93758f9dde2d42d",
                "sha256:e92dbb06a0c70277d8c8b8cafaca1e9061f1c70cf5ad21582ca02b51f27c15ce",
                "sha256:fc848b27f080a1341f435fc168d044ebb91779c2cb20763588c06459b715ea52"
            ],
            "index": "pypi",
            "version": "==3.1.0"
        },
        "packaging": {
            "hashes": [
                "sha256:2198ec20bd4c017b8f9717e00f0c8714076fc2fd93816750ab48e2c41de2cfd3",
                "sha256:957e2148ba0e1a3b282772e791ef1d8083648bc131c8ab0c1feba110ce1146c3"
            ],
            "markers": "python_version >= '3.7'",
            "version": "==22.0"
        },
        "requests": {
            "hashes": [
                "sha256:b3559a131db72c33ee969480840fff4bb6dd111de7dd27c8ee1f820f4f00231b",
                "sha256:fe75cc94a9443b9246fc7049224f75604b113c36acb93f87b80ed42c44cbb898"
            ],
            "index": "pypi",
            "version": "==2.24.0"
        },
        "urllib3": {
            "hashes": [
                "sha256:8d7eaa5a82a1cac232164990f04874c594c9453ec55eef02eab885aa02fc17a2",
                "sha256:f5321fbe4bf3fefa0efd0bfe7fb14e90909eb62a48ccda331726b4319897dd5e"
            ],
            "markers": "python_version >= '2.7' and python_version not in '3.0, 3.1, 3.2, 3.3, 3.4' and python_version < '4'",
            "version": "==1.25.11"
        },
        "youtube-dl": {
            "hashes": [
                "sha256:9fc0389a1bbbeb609a5bb4ad5630dea107a9d1a24c73721c611a78c234309a75",
                "sha256:e54b307048bb18164729fb278013af6d5477c69c3d995147205a16f22a61296b"
            ],
            "index": "pypi",
            "version": "==2020.6.16.1"
        }
    },
    "develop": {}
}
